
Microsoft Visual Studio Solution File, Format Version 12.00
# Visual Studio Version 16
VisualStudioVersion = 16.0.30804.86
MinimumVisualStudioVersion = 10.0.40219.1
Project("{FAE04EC0-301F-11D3-BF4B-00C04F79EFBC}") = "Timer_Cisco_redone", "Timer_Cisco_redone\Timer_Cisco_redone.csproj", "{A42D368F-3ED5-42DB-8AE1-C53E63F4A454}"
EndProject
Global
	GlobalSection(SolutionConfigurationPlatforms) = preSolution
		Debug|Any CPU = Debug|Any CPU
		Release|Any CPU = Release|Any CPU
	EndGlobalSection
	GlobalSection(ProjectConfigurationPlatforms) = postSolution
		{A42D368F-3ED5-42DB-8AE1-C53E63F4A454}.Debug|Any CPU.ActiveCfg = Debug|Any CPU
		{A42D368F-3ED5-42DB-8AE1-C53E63F4A454}.Debug|Any CPU.Build.0 = Debug|Any CPU
		{A42D368F-3ED5-42DB-8AE1-C53E63F4A454}.Release|Any CPU.ActiveCfg = Release|Any CPU
		{A42D368F-3ED5-42DB-8AE1-C53E63F4A454}.Release|Any CPU.Build.0 = Release|Any CPU
	EndGlobalSection
	GlobalSection(SolutionProperties) = preSolution
		HideSolutionNode = FALSE
	EndGlobalSection
	GlobalSection(ExtensibilityGlobals) = postSolution
		SolutionGuid = {1BA19B6F-17B6-48BB-9D9B-044DBDD57B14}
	EndGlobalSection
EndGlobal
